
Microsoft Visual Studio Solution File, Format Version 12.00
# Visual Studio Version 17
VisualStudioVersion = 17.2.32616.157
MinimumVisualStudioVersion = 10.0.40219.1
Project("{2150E333-8FDC-42A3-9474-1A3956D46DE8}") = "Tests", "Tests", "{9C015D42-B1C4-435A-8F25-6AD4E5B5761F}"
EndProject
Project("{2150E333-8FDC-42A3-9474-1A3956D46DE8}") = "Product", "Product", "{39382D0D-6661-41F7-88E1-840343C6CF55}"
EndProject
Project("{9A19103F-16F7-4668-BE54-9A1E7A4F7556}") = "Saneej.FunBooksAndVideos.Product.Api", "Product\Saneej.FunBooksAndVideos.Product.Api\Saneej.FunBooksAndVideos.Product.Api.csproj", "{99183E5C-D85A-44D1-8066-6867339F5542}"
EndProject
Project("{9A19103F-16F7-4668-BE54-9A1E7A4F7556}") = "Saneej.FunBooksAndVideos.Product.Data", "Product\Saneej.FunBooksAndVideos.Product.Data\Saneej.FunBooksAndVideos.Product.Data.csproj", "{052E3F7A-1276-4A1A-B17B-08AF34085210}"
EndProject
Project("{9A19103F-16F7-4668-BE54-9A1E7A4F7556}") = "Saneej.FunBooksAndVideos.Product.Repository", "Product\Saneej.FunBooksAndVideos.Product.Repository\Saneej.FunBooksAndVideos.Product.Repository.csproj", "{782926BF-BDF6-4E39-9640-05DD1465B6C1}"
EndProject
Project("{2150E333-8FDC-42A3-9474-1A3956D46DE8}") = "Order", "Order", "{1A8EE739-2B05-4FB4-966C-348F10B67268}"
EndProject
Project("{9A19103F-16F7-4668-BE54-9A1E7A4F7556}") = "Saneej.FunBooksAndVideos.Services.Tests", "Order\Tests\Saneej.FunBooksAndVideos.Services.Tests\Saneej.FunBooksAndVideos.Services.Tests.csproj", "{BF26003B-F932-46E9-9F35-0B392A79F1CF}"
EndProject
Project("{9A19103F-16F7-4668-BE54-9A1E7A4F7556}") = "Saneej.FunBooksAndVideos.Product.Service", "Product\Saneej.FunBooksAndVideos.Product.Service\Saneej.FunBooksAndVideos.Product.Service.csproj", "{A5A1E0FF-B147-4CF0-9FEB-84EBEC392AB4}"
EndProject
Project("{9A19103F-16F7-4668-BE54-9A1E7A4F7556}") = "Saneej.FunBooksAndVideos.Order.Api", "Order\Saneej.FunBooksAndVideos.Order.Api\Saneej.FunBooksAndVideos.Order.Api.csproj", "{C0371C1E-1AE9-42C0-87C7-B6BF417354B7}"
EndProject
Project("{9A19103F-16F7-4668-BE54-9A1E7A4F7556}") = "Saneej.FunBooksAndVideos.Order.Data", "Order\Saneej.FunBooksAndVideos.Order.Data\Saneej.FunBooksAndVideos.Order.Data.csproj", "{CA7011FB-4EAD-437D-80BC-8B14CD06197E}"
EndProject
Project("{9A19103F-16F7-4668-BE54-9A1E7A4F7556}") = "Saneej.FunBooksAndVideos.Order.Repository", "Order\Saneej.FunBooksAndVideos.Order.Repository\Saneej.FunBooksAndVideos.Order.Repository.csproj", "{FA2D3292-FC29-4675-B2B5-A5ECEBA203B0}"
EndProject
Project("{9A19103F-16F7-4668-BE54-9A1E7A4F7556}") = "Saneej.FunBooksAndVideos.Order.Service", "Order\Saneej.FunBooksAndVideos.Order.Service\Saneej.FunBooksAndVideos.Order.Service.csproj", "{6887CB09-A07E-489A-836D-06225B193D96}"
EndProject
Global
	GlobalSection(SolutionConfigurationPlatforms) = preSolution
		Debug|Any CPU = Debug|Any CPU
		Release|Any CPU = Release|Any CPU
	EndGlobalSection
	GlobalSection(ProjectConfigurationPlatforms) = postSolution
		{99183E5C-D85A-44D1-8066-6867339F5542}.Debug|Any CPU.ActiveCfg = Debug|Any CPU
		{99183E5C-D85A-44D1-8066-6867339F5542}.Debug|Any CPU.Build.0 = Debug|Any CPU
		{99183E5C-D85A-44D1-8066-6867339F5542}.Release|Any CPU.ActiveCfg = Release|Any CPU
		{99183E5C-D85A-44D1-8066-6867339F5542}.Release|Any CPU.Build.0 = Release|Any CPU
		{052E3F7A-1276-4A1A-B17B-08AF34085210}.Debug|Any CPU.ActiveCfg = Debug|Any CPU
		{052E3F7A-1276-4A1A-B17B-08AF34085210}.Debug|Any CPU.Build.0 = Debug|Any CPU
		{052E3F7A-1276-4A1A-B17B-08AF34085210}.Release|Any CPU.ActiveCfg = Release|Any CPU
		{052E3F7A-1276-4A1A-B17B-08AF34085210}.Release|Any CPU.Build.0 = Release|Any CPU
		{782926BF-BDF6-4E39-9640-05DD1465B6C1}.Debug|Any CPU.ActiveCfg = Debug|Any CPU
		{782926BF-BDF6-4E39-9640-05DD1465B6C1}.Debug|Any CPU.Build.0 = Debug|Any CPU
		{782926BF-BDF6-4E39-9640-05DD1465B6C1}.Release|Any CPU.ActiveCfg = Release|Any CPU
		{782926BF-BDF6-4E39-9640-05DD1465B6C1}.Release|Any CPU.Build.0 = Release|Any CPU
		{BF26003B-F932-46E9-9F35-0B392A79F1CF}.Debug|Any CPU.ActiveCfg = Debug|Any CPU
		{BF26003B-F932-46E9-9F35-0B392A79F1CF}.Debug|Any CPU.Build.0 = Debug|Any CPU
		{BF26003B-F932-46E9-9F35-0B392A79F1CF}.Release|Any CPU.ActiveCfg = Release|Any CPU
		{BF26003B-F932-46E9-9F35-0B392A79F1CF}.Release|Any CPU.Build.0 = Release|Any CPU
		{A5A1E0FF-B147-4CF0-9FEB-84EBEC392AB4}.Debug|Any CPU.ActiveCfg = Debug|Any CPU
		{A5A1E0FF-B147-4CF0-9FEB-84EBEC392AB4}.Debug|Any CPU.Build.0 = Debug|Any CPU
		{A5A1E0FF-B147-4CF0-9FEB-84EBEC392AB4}.Release|Any CPU.ActiveCfg = Release|Any CPU
		{A5A1E0FF-B147-4CF0-9FEB-84EBEC392AB4}.Release|Any CPU.Build.0 = Release|Any CPU
		{C0371C1E-1AE9-42C0-87C7-B6BF417354B7}.Debug|Any CPU.ActiveCfg = Debug|Any CPU
		{C0371C1E-1AE9-42C0-87C7-B6BF417354B7}.Debug|Any CPU.Build.0 = Debug|Any CPU
		{C0371C1E-1AE9-42C0-87C7-B6BF417354B7}.Release|Any CPU.ActiveCfg = Release|Any CPU
		{C0371C1E-1AE9-42C0-87C7-B6BF417354B7}.Release|Any CPU.Build.0 = Release|Any CPU
		{CA7011FB-4EAD-437D-80BC-8B14CD06197E}.Debug|Any CPU.ActiveCfg = Debug|Any CPU
		{CA7011FB-4EAD-437D-80BC-8B14CD06197E}.Debug|Any CPU.Build.0 = Debug|Any CPU
		{CA7011FB-4EAD-437D-80BC-8B14CD06197E}.Release|Any CPU.ActiveCfg = Release|Any CPU
		{CA7011FB-4EAD-437D-80BC-8B14CD06197E}.Release|Any CPU.Build.0 = Release|Any CPU
		{FA2D3292-FC29-4675-B2B5-A5ECEBA203B0}.Debug|Any CPU.ActiveCfg = Debug|Any CPU
		{FA2D3292-FC29-4675-B2B5-A5ECEBA203B0}.Debug|Any CPU.Build.0 = Debug|Any CPU
		{FA2D3292-FC29-4675-B2B5-A5ECEBA203B0}.Release|Any CPU.ActiveCfg = Release|Any CPU
		{FA2D3292-FC29-4675-B2B5-A5ECEBA203B0}.Release|Any CPU.Build.0 = Release|Any CPU
		{6887CB09-A07E-489A-836D-06225B193D96}.Debug|Any CPU.ActiveCfg = Debug|Any CPU
		{6887CB09-A07E-489A-836D-06225B193D96}.Debug|Any CPU.Build.0 = Debug|Any CPU
		{6887CB09-A07E-489A-836D-06225B193D96}.Release|Any CPU.ActiveCfg = Release|Any CPU
		{6887CB09-A07E-489A-836D-06225B193D96}.Release|Any CPU.Build.0 = Release|Any CPU
	EndGlobalSection
	GlobalSection(SolutionProperties) = preSolution
		HideSolutionNode = FALSE
	EndGlobalSection
	GlobalSection(NestedProjects) = preSolution
		{9C015D42-B1C4-435A-8F25-6AD4E5B5761F} = {1A8EE739-2B05-4FB4-966C-348F10B67268}
		{99183E5C-D85A-44D1-8066-6867339F5542} = {39382D0D-6661-41F7-88E1-840343C6CF55}
		{052E3F7A-1276-4A1A-B17B-08AF34085210} = {39382D0D-6661-41F7-88E1-840343C6CF55}
		{782926BF-BDF6-4E39-9640-05DD1465B6C1} = {39382D0D-6661-41F7-88E1-840343C6CF55}
		{BF26003B-F932-46E9-9F35-0B392A79F1CF} = {9C015D42-B1C4-435A-8F25-6AD4E5B5761F}
		{A5A1E0FF-B147-4CF0-9FEB-84EBEC392AB4} = {39382D0D-6661-41F7-88E1-840343C6CF55}
		{C0371C1E-1AE9-42C0-87C7-B6BF417354B7} = {1A8EE739-2B05-4FB4-966C-348F10B67268}
		{CA7011FB-4EAD-437D-80BC-8B14CD06197E} = {1A8EE739-2B05-4FB4-966C-348F10B67268}
		{FA2D3292-FC29-4675-B2B5-A5ECEBA203B0} = {1A8EE739-2B05-4FB4-966C-348F10B67268}
		{6887CB09-A07E-489A-836D-06225B193D96} = {1A8EE739-2B05-4FB4-966C-348F10B67268}
	EndGlobalSection
	GlobalSection(ExtensibilityGlobals) = postSolution
		SolutionGuid = {B660C37A-8A7C-4A5D-AFF1-B8277569E6FA}
	EndGlobalSection
EndGlobal
